
Microsoft Visual Studio Solution File, Format Version 12.00
# Visual Studio Version 16
VisualStudioVersion = 16.0.30128.74
MinimumVisualStudioVersion = 10.0.40219.1
Project("{888888A0-9F3D-457C-B088-3A5042F75D52}") = "PythonApplication11", "PythonApplication11.pyproj", "{84E523F6-0040-47DD-B729-D856BF5F73E5}"
EndProject
Global
	GlobalSection(SolutionConfigurationPlatforms) = preSolution
		Debug|Any CPU = Debug|Any CPU
		Release|Any CPU = Release|Any CPU
	EndGlobalSection
	GlobalSection(ProjectConfigurationPlatforms) = postSolution
		{84E523F6-0040-47DD-B729-D856BF5F73E5}.Debug|Any CPU.ActiveCfg = Debug|Any CPU
		{84E523F6-0040-47DD-B729-D856BF5F73E5}.Release|Any CPU.ActiveCfg = Release|Any CPU
	EndGlobalSection
	GlobalSection(SolutionProperties) = preSolution
		HideSolutionNode = FALSE
	EndGlobalSection
	GlobalSection(ExtensibilityGlobals) = postSolution
		SolutionGuid = {EE601342-A5E7-4ABF-9AAE-5E7149EC115A}
	EndGlobalSection
EndGlobal
